
Microsoft Visual Studio Solution File, Format Version 12.00
# Visual Studio Version 17
VisualStudioVersion = 17.8.34511.84
MinimumVisualStudioVersion = 10.0.40219.1
Project("{8BC9CEB8-8B4A-11D0-8D11-00A0C91BC942}") = "workshop 2", "workshop 2\workshop 2.vcxproj", "{DD9CED0B-CA37-4CBD-A89D-1DE8C35D2B57}"
EndProject
Global
	GlobalSection(SolutionConfigurationPlatforms) = preSolution
		Debug|x64 = Debug|x64
		Debug|x86 = Debug|x86
		Release|x64 = Release|x64
		Release|x86 = Release|x86
	EndGlobalSection
	GlobalSection(ProjectConfigurationPlatforms) = postSolution
		{DD9CED0B-CA37-4CBD-A89D-1DE8C35D2B57}.Debug|x64.ActiveCfg = Debug|x64
		{DD9CED0B-CA37-4CBD-A89D-1DE8C35D2B57}.Debug|x64.Build.0 = Debug|x64
		{DD9CED0B-CA37-4CBD-A89D-1DE8C35D2B57}.Debug|x86.ActiveCfg = Debug|Win32
		{DD9CED0B-CA37-4CBD-A89D-1DE8C35D2B57}.Debug|x86.Build.0 = Debug|Win32
		{DD9CED0B-CA37-4CBD-A89D-1DE8C35D2B57}.Release|x64.ActiveCfg = Release|x64
		{DD9CED0B-CA37-4CBD-A89D-1DE8C35D2B57}.Release|x64.Build.0 = Release|x64
		{DD9CED0B-CA37-4CBD-A89D-1DE8C35D2B57}.Release|x86.ActiveCfg = Release|Win32
		{DD9CED0B-CA37-4CBD-A89D-1DE8C35D2B57}.Release|x86.Build.0 = Release|Win32
	EndGlobalSection
	GlobalSection(SolutionProperties) = preSolution
		HideSolutionNode = FALSE
	EndGlobalSection
	GlobalSection(ExtensibilityGlobals) = postSolution
		SolutionGuid = {A0B35ECC-7C69-46DC-90CF-2790052E068E}
	EndGlobalSection
EndGlobal
