
Microsoft Visual Studio Solution File, Format Version 12.00
# Visual Studio Version 17
VisualStudioVersion = 17.8.34525.116
MinimumVisualStudioVersion = 10.0.40219.1
Project("{8BC9CEB8-8B4A-11D0-8D11-00A0C91BC942}") = "ws", "ws\ws.vcxproj", "{EC7D88D0-D093-4ABF-AA0B-286178F4662C}"
EndProject
Global
	GlobalSection(SolutionConfigurationPlatforms) = preSolution
		Debug|x64 = Debug|x64
		Debug|x86 = Debug|x86
		Release|x64 = Release|x64
		Release|x86 = Release|x86
	EndGlobalSection
	GlobalSection(ProjectConfigurationPlatforms) = postSolution
		{EC7D88D0-D093-4ABF-AA0B-286178F4662C}.Debug|x64.ActiveCfg = Debug|x64
		{EC7D88D0-D093-4ABF-AA0B-286178F4662C}.Debug|x64.Build.0 = Debug|x64
		{EC7D88D0-D093-4ABF-AA0B-286178F4662C}.Debug|x86.ActiveCfg = Debug|Win32
		{EC7D88D0-D093-4ABF-AA0B-286178F4662C}.Debug|x86.Build.0 = Debug|Win32
		{EC7D88D0-D093-4ABF-AA0B-286178F4662C}.Release|x64.ActiveCfg = Release|x64
		{EC7D88D0-D093-4ABF-AA0B-286178F4662C}.Release|x64.Build.0 = Release|x64
		{EC7D88D0-D093-4ABF-AA0B-286178F4662C}.Release|x86.ActiveCfg = Release|Win32
		{EC7D88D0-D093-4ABF-AA0B-286178F4662C}.Release|x86.Build.0 = Release|Win32
	EndGlobalSection
	GlobalSection(SolutionProperties) = preSolution
		HideSolutionNode = FALSE
	EndGlobalSection
	GlobalSection(ExtensibilityGlobals) = postSolution
		SolutionGuid = {85250770-2AAD-43F3-9990-FAB86B62F1BD}
	EndGlobalSection
EndGlobal
