
Microsoft Visual Studio Solution File, Format Version 12.00
# Visual Studio Version 17
VisualStudioVersion = 17.8.34316.72
MinimumVisualStudioVersion = 10.0.40219.1
Project("{8BC9CEB8-8B4A-11D0-8D11-00A0C91BC942}") = "OOP ws1", "OOP ws1\OOP ws1.vcxproj", "{224DE723-EB83-4C5C-AB42-FDEB3DAA5DDD}"
EndProject
Global
	GlobalSection(SolutionConfigurationPlatforms) = preSolution
		Debug|x64 = Debug|x64
		Debug|x86 = Debug|x86
		Release|x64 = Release|x64
		Release|x86 = Release|x86
	EndGlobalSection
	GlobalSection(ProjectConfigurationPlatforms) = postSolution
		{224DE723-EB83-4C5C-AB42-FDEB3DAA5DDD}.Debug|x64.ActiveCfg = Debug|x64
		{224DE723-EB83-4C5C-AB42-FDEB3DAA5DDD}.Debug|x64.Build.0 = Debug|x64
		{224DE723-EB83-4C5C-AB42-FDEB3DAA5DDD}.Debug|x86.ActiveCfg = Debug|Win32
		{224DE723-EB83-4C5C-AB42-FDEB3DAA5DDD}.Debug|x86.Build.0 = Debug|Win32
		{224DE723-EB83-4C5C-AB42-FDEB3DAA5DDD}.Release|x64.ActiveCfg = Release|x64
		{224DE723-EB83-4C5C-AB42-FDEB3DAA5DDD}.Release|x64.Build.0 = Release|x64
		{224DE723-EB83-4C5C-AB42-FDEB3DAA5DDD}.Release|x86.ActiveCfg = Release|Win32
		{224DE723-EB83-4C5C-AB42-FDEB3DAA5DDD}.Release|x86.Build.0 = Release|Win32
	EndGlobalSection
	GlobalSection(SolutionProperties) = preSolution
		HideSolutionNode = FALSE
	EndGlobalSection
	GlobalSection(ExtensibilityGlobals) = postSolution
		SolutionGuid = {C9C45E1D-5F4A-41FB-B22D-6191C6FDAB5A}
	EndGlobalSection
EndGlobal
